
Microsoft Visual Studio Solution File, Format Version 12.00
Project("{FAE04EC0-301F-11D3-BF4B-00C04F79EFBC}") = "LifeGame", "LifeGame\LifeGame.csproj", "{1C53E743-35A0-4B71-8EA5-67227867BBFF}"
EndProject
Global
	GlobalSection(SolutionConfigurationPlatforms) = preSolution
		Debug|Any CPU = Debug|Any CPU
		Release|Any CPU = Release|Any CPU
	EndGlobalSection
	GlobalSection(ProjectConfigurationPlatforms) = postSolution
		{1C53E743-35A0-4B71-8EA5-67227867BBFF}.Debug|Any CPU.ActiveCfg = Debug|Any CPU
		{1C53E743-35A0-4B71-8EA5-67227867BBFF}.Debug|Any CPU.Build.0 = Debug|Any CPU
		{1C53E743-35A0-4B71-8EA5-67227867BBFF}.Release|Any CPU.ActiveCfg = Release|Any CPU
		{1C53E743-35A0-4B71-8EA5-67227867BBFF}.Release|Any CPU.Build.0 = Release|Any CPU
	EndGlobalSection
EndGlobal
